
Microsoft Visual Studio Solution File, Format Version 12.00
# Visual Studio Version 17
VisualStudioVersion = 17.9.34728.123
MinimumVisualStudioVersion = 10.0.40219.1
Project("{FAE04EC0-301F-11D3-BF4B-00C04F79EFBC}") = "MassTransitExample", "MassTransitExample\MassTransitExample.csproj", "{0FDF5770-330B-4D7E-A089-1A566B6E6379}"
EndProject
Global
	GlobalSection(SolutionConfigurationPlatforms) = preSolution
		Debug|Any CPU = Debug|Any CPU
		Release|Any CPU = Release|Any CPU
	EndGlobalSection
	GlobalSection(ProjectConfigurationPlatforms) = postSolution
		{0FDF5770-330B-4D7E-A089-1A566B6E6379}.Debug|Any CPU.ActiveCfg = Debug|Any CPU
		{0FDF5770-330B-4D7E-A089-1A566B6E6379}.Debug|Any CPU.Build.0 = Debug|Any CPU
		{0FDF5770-330B-4D7E-A089-1A566B6E6379}.Release|Any CPU.ActiveCfg = Release|Any CPU
		{0FDF5770-330B-4D7E-A089-1A566B6E6379}.Release|Any CPU.Build.0 = Release|Any CPU
	EndGlobalSection
	GlobalSection(SolutionProperties) = preSolution
		HideSolutionNode = FALSE
	EndGlobalSection
	GlobalSection(ExtensibilityGlobals) = postSolution
		SolutionGuid = {58E5BD55-E700-4345-929B-B5CC63C1A718}
	EndGlobalSection
EndGlobal
